PODS:
  - ccppflutterplugin (0.0.1):
    - Flutter
  - Flutter (1.0.0)

DEPENDENCIES:
  - ccppflutterplugin (from `.symlinks/plugins/ccppflutterplugin/ios`)
  - Flutter (from `Flutter`)

EXTERNAL SOURCES:
  ccppflutterplugin:
    :path: ".symlinks/plugins/ccppflutterplugin/ios"
  Flutter:
    :path: Flutter

SPEC CHECKSUMS:
  ccppflutterplugin: 61f89f18c99906898149c422b67bba89a76ff3e0
  Flutter: 0e3d915762c693b495b44d77113d4970485de6ec

PODFILE CHECKSUM: c34e2287a9ccaa606aeceab922830efb9a6ff69a

COCOAPODS: 1.9.3
